
Microsoft Visual Studio Solution File, Format Version 12.00
# Visual Studio 2013
VisualStudioVersion = 12.0.40629.0
MinimumVisualStudioVersion = 10.0.40219.1
Project("{2150E333-8FDC-42A3-9474-1A3956D46DE8}") = "devPMS.Infrastructure", "devPMS.Infrastructure", "{1941E6BE-C786-46C9-8E68-4283DEE63D9F}"
EndProject
Project("{2150E333-8FDC-42A3-9474-1A3956D46DE8}") = "Common", "Common", "{BBA402B2-376C-4764-8C16-3A6E67B25776}"
EndProject
Project("{2150E333-8FDC-42A3-9474-1A3956D46DE8}") = "Business", "Business", "{1576D138-6C49-4BA8-B9FF-2AC8FF44DD86}"
EndProject
Project("{2150E333-8FDC-42A3-9474-1A3956D46DE8}") = "Shell", "Shell", "{96897499-6E4B-4D94-B6D4-0375F540F3E5}"
EndProject
Project("{FAE04EC0-301F-11D3-BF4B-00C04F79EFBC}") = "devPMS.Web", "Shell\devPMS.Web\devPMS.Web.csproj", "{948C36CB-3D74-470B-A94E-020115120181}"
	ProjectSection(ProjectDependencies) = postProject
		{E23DFD80-6D2C-471A-9BE5-F9F27B11D566} = {E23DFD80-6D2C-471A-9BE5-F9F27B11D566}
	EndProjectSection
EndProject
Project("{FAE04EC0-301F-11D3-BF4B-00C04F79EFBC}") = "SSTVN.Core.Repository", "devPMS.Infrastructure\SSTVN.PMS.Core\SSTVN.Core.Repository.csproj", "{73611888-C506-4C17-82EE-72B4786D571B}"
EndProject
Project("{FAE04EC0-301F-11D3-BF4B-00C04F79EFBC}") = "SSTVN.PMS.Common", "Common\SSTVN.PMS.Common\SSTVN.PMS.Common.csproj", "{B652A196-7599-4FF8-9432-F327BE0A6A33}"
EndProject
Project("{FAE04EC0-301F-11D3-BF4B-00C04F79EFBC}") = "devPMS.WebCore", "Business\devPMS.WebCore\devPMS.WebCore.csproj", "{2672E55D-7B2E-43F1-BD68-20426C3E4AC3}"
EndProject
Project("{FAE04EC0-301F-11D3-BF4B-00C04F79EFBC}") = "Infrastructure", "devPMS.Infrastructure\Infrastructure\Infrastructure.csproj", "{96A51D56-8CBF-4B69-8FD3-F6682846DBEA}"
EndProject
Project("{FAE04EC0-301F-11D3-BF4B-00C04F79EFBC}") = "SSTVN.DDo.Utility", "SSTVN.DDo.Utility\SSTVN.DDo.Utility.csproj", "{E23DFD80-6D2C-471A-9BE5-F9F27B11D566}"
EndProject
Project("{FAE04EC0-301F-11D3-BF4B-00C04F79EFBC}") = "University", "ClassLibrary1\University.csproj", "{ABA9A93E-0673-4E4B-BECD-E834CA32CE5F}"
EndProject
Global
	GlobalSection(SolutionConfigurationPlatforms) = preSolution
		Debug|Any CPU = Debug|Any CPU
		DebugMac|Any CPU = DebugMac|Any CPU
		Release|Any CPU = Release|Any CPU
	EndGlobalSection
	GlobalSection(ProjectConfigurationPlatforms) = postSolution
		{948C36CB-3D74-470B-A94E-020115120181}.Debug|Any CPU.ActiveCfg = Debug|Any CPU
		{948C36CB-3D74-470B-A94E-020115120181}.Debug|Any CPU.Build.0 = Debug|Any CPU
		{948C36CB-3D74-470B-A94E-020115120181}.DebugMac|Any CPU.ActiveCfg = DebugMac|Any CPU
		{948C36CB-3D74-470B-A94E-020115120181}.DebugMac|Any CPU.Build.0 = DebugMac|Any CPU
		{948C36CB-3D74-470B-A94E-020115120181}.Release|Any CPU.ActiveCfg = Release|Any CPU
		{948C36CB-3D74-470B-A94E-020115120181}.Release|Any CPU.Build.0 = Release|Any CPU
		{73611888-C506-4C17-82EE-72B4786D571B}.Debug|Any CPU.ActiveCfg = Debug|Any CPU
		{73611888-C506-4C17-82EE-72B4786D571B}.Debug|Any CPU.Build.0 = Debug|Any CPU
		{73611888-C506-4C17-82EE-72B4786D571B}.DebugMac|Any CPU.ActiveCfg = DebugMac|Any CPU
		{73611888-C506-4C17-82EE-72B4786D571B}.DebugMac|Any CPU.Build.0 = DebugMac|Any CPU
		{73611888-C506-4C17-82EE-72B4786D571B}.Release|Any CPU.ActiveCfg = Release|Any CPU
		{73611888-C506-4C17-82EE-72B4786D571B}.Release|Any CPU.Build.0 = Release|Any CPU
		{B652A196-7599-4FF8-9432-F327BE0A6A33}.Debug|Any CPU.ActiveCfg = Debug|Any CPU
		{B652A196-7599-4FF8-9432-F327BE0A6A33}.Debug|Any CPU.Build.0 = Debug|Any CPU
		{B652A196-7599-4FF8-9432-F327BE0A6A33}.DebugMac|Any CPU.ActiveCfg = DebugMac|Any CPU
		{B652A196-7599-4FF8-9432-F327BE0A6A33}.DebugMac|Any CPU.Build.0 = DebugMac|Any CPU
		{B652A196-7599-4FF8-9432-F327BE0A6A33}.Release|Any CPU.ActiveCfg = Release|Any CPU
		{B652A196-7599-4FF8-9432-F327BE0A6A33}.Release|Any CPU.Build.0 = Release|Any CPU
		{2672E55D-7B2E-43F1-BD68-20426C3E4AC3}.Debug|Any CPU.ActiveCfg = Debug|Any CPU
		{2672E55D-7B2E-43F1-BD68-20426C3E4AC3}.Debug|Any CPU.Build.0 = Debug|Any CPU
		{2672E55D-7B2E-43F1-BD68-20426C3E4AC3}.DebugMac|Any CPU.ActiveCfg = DebugMac|Any CPU
		{2672E55D-7B2E-43F1-BD68-20426C3E4AC3}.DebugMac|Any CPU.Build.0 = DebugMac|Any CPU
		{2672E55D-7B2E-43F1-BD68-20426C3E4AC3}.Release|Any CPU.ActiveCfg = Release|Any CPU
		{2672E55D-7B2E-43F1-BD68-20426C3E4AC3}.Release|Any CPU.Build.0 = Release|Any CPU
		{96A51D56-8CBF-4B69-8FD3-F6682846DBEA}.Debug|Any CPU.ActiveCfg = Debug|Any CPU
		{96A51D56-8CBF-4B69-8FD3-F6682846DBEA}.Debug|Any CPU.Build.0 = Debug|Any CPU
		{96A51D56-8CBF-4B69-8FD3-F6682846DBEA}.DebugMac|Any CPU.ActiveCfg = DebugMac|Any CPU
		{96A51D56-8CBF-4B69-8FD3-F6682846DBEA}.DebugMac|Any CPU.Build.0 = DebugMac|Any CPU
		{96A51D56-8CBF-4B69-8FD3-F6682846DBEA}.Release|Any CPU.ActiveCfg = Release|Any CPU
		{96A51D56-8CBF-4B69-8FD3-F6682846DBEA}.Release|Any CPU.Build.0 = Release|Any CPU
		{E23DFD80-6D2C-471A-9BE5-F9F27B11D566}.Debug|Any CPU.ActiveCfg = Debug|Any CPU
		{E23DFD80-6D2C-471A-9BE5-F9F27B11D566}.Debug|Any CPU.Build.0 = Debug|Any CPU
		{E23DFD80-6D2C-471A-9BE5-F9F27B11D566}.DebugMac|Any CPU.ActiveCfg = DebugMac|Any CPU
		{E23DFD80-6D2C-471A-9BE5-F9F27B11D566}.DebugMac|Any CPU.Build.0 = DebugMac|Any CPU
		{E23DFD80-6D2C-471A-9BE5-F9F27B11D566}.Release|Any CPU.ActiveCfg = Release|Any CPU
		{E23DFD80-6D2C-471A-9BE5-F9F27B11D566}.Release|Any CPU.Build.0 = Release|Any CPU
		{ABA9A93E-0673-4E4B-BECD-E834CA32CE5F}.Debug|Any CPU.ActiveCfg = Debug|Any CPU
		{ABA9A93E-0673-4E4B-BECD-E834CA32CE5F}.Debug|Any CPU.Build.0 = Debug|Any CPU
		{ABA9A93E-0673-4E4B-BECD-E834CA32CE5F}.DebugMac|Any CPU.ActiveCfg = Debug|Any CPU
		{ABA9A93E-0673-4E4B-BECD-E834CA32CE5F}.DebugMac|Any CPU.Build.0 = Debug|Any CPU
		{ABA9A93E-0673-4E4B-BECD-E834CA32CE5F}.Release|Any CPU.ActiveCfg = Release|Any CPU
		{ABA9A93E-0673-4E4B-BECD-E834CA32CE5F}.Release|Any CPU.Build.0 = Release|Any CPU
	EndGlobalSection
	GlobalSection(SolutionProperties) = preSolution
		HideSolutionNode = FALSE
	EndGlobalSection
	GlobalSection(NestedProjects) = preSolution
		{948C36CB-3D74-470B-A94E-020115120181} = {96897499-6E4B-4D94-B6D4-0375F540F3E5}
		{73611888-C506-4C17-82EE-72B4786D571B} = {1941E6BE-C786-46C9-8E68-4283DEE63D9F}
		{B652A196-7599-4FF8-9432-F327BE0A6A33} = {BBA402B2-376C-4764-8C16-3A6E67B25776}
		{2672E55D-7B2E-43F1-BD68-20426C3E4AC3} = {1576D138-6C49-4BA8-B9FF-2AC8FF44DD86}
		{96A51D56-8CBF-4B69-8FD3-F6682846DBEA} = {1941E6BE-C786-46C9-8E68-4283DEE63D9F}
		{E23DFD80-6D2C-471A-9BE5-F9F27B11D566} = {BBA402B2-376C-4764-8C16-3A6E67B25776}
		{ABA9A93E-0673-4E4B-BECD-E834CA32CE5F} = {1576D138-6C49-4BA8-B9FF-2AC8FF44DD86}
	EndGlobalSection
EndGlobal
